
Microsoft Visual Studio Solution File, Format Version 12.00
# Visual Studio 14
VisualStudioVersion = 14.0.23107.0
MinimumVisualStudioVersion = 10.0.40219.1
Project("{FAE04EC0-301F-11D3-BF4B-00C04F79EFBC}") = "UserDetailsClient.Droid", "UserDetailsClient\UserDetailsClient.Droid\UserDetailsClient.Droid.csproj", "{DD942D28-518D-4C06-A0D9-A7D8AB3F54E7}"
EndProject
Project("{FAE04EC0-301F-11D3-BF4B-00C04F79EFBC}") = "UserDetailsClient.iOS", "UserDetailsClient\UserDetailsClient.iOS\UserDetailsClient.iOS.csproj", "{4546452D-55D8-41CA-B68B-F8D8D827EE4A}"
EndProject
Project("{FAE04EC0-301F-11D3-BF4B-00C04F79EFBC}") = "UserDetailsClient.UWP", "UserDetailsClient\UserDetailsClient.UWP\UserDetailsClient.UWP.csproj", "{CB126428-9739-4C4E-9CBB-F09C03080415}"
EndProject
Project("{FAE04EC0-301F-11D3-BF4B-00C04F79EFBC}") = "UserDetailsClient", "UserDetailsClient\UserDetailsClient\UserDetailsClient.csproj", "{CF72088B-E0A5-401C-A795-531A81E05248}"
EndProject
Global
	GlobalSection(SolutionConfigurationPlatforms) = preSolution
		Ad-Hoc|Any CPU = Ad-Hoc|Any CPU
		Ad-Hoc|ARM = Ad-Hoc|ARM
		Ad-Hoc|iPhone = Ad-Hoc|iPhone
		Ad-Hoc|iPhoneSimulator = Ad-Hoc|iPhoneSimulator
		Ad-Hoc|x64 = Ad-Hoc|x64
		Ad-Hoc|x86 = Ad-Hoc|x86
		AppStore|Any CPU = AppStore|Any CPU
		AppStore|ARM = AppStore|ARM
		AppStore|iPhone = AppStore|iPhone
		AppStore|iPhoneSimulator = AppStore|iPhoneSimulator
		AppStore|x64 = AppStore|x64
		AppStore|x86 = AppStore|x86
		Debug|Any CPU = Debug|Any CPU
		Debug|ARM = Debug|ARM
		Debug|iPhone = Debug|iPhone
		Debug|iPhoneSimulator = Debug|iPhoneSimulator
		Debug|x64 = Debug|x64
		Debug|x86 = Debug|x86
		Release|Any CPU = Release|Any CPU
		Release|ARM = Release|ARM
		Release|iPhone = Release|iPhone
		Release|iPhoneSimulator = Release|iPhoneSimulator
		Release|x64 = Release|x64
		Release|x86 = Release|x86
	EndGlobalSection
	GlobalSection(ProjectConfigurationPlatforms) = postSolution
		{DD942D28-518D-4C06-A0D9-A7D8AB3F54E7}.Ad-Hoc|Any CPU.ActiveCfg = Release|Any CPU
		{DD942D28-518D-4C06-A0D9-A7D8AB3F54E7}.Ad-Hoc|Any CPU.Build.0 = Release|Any CPU
		{DD942D28-518D-4C06-A0D9-A7D8AB3F54E7}.Ad-Hoc|Any CPU.Deploy.0 = Release|Any CPU
		{DD942D28-518D-4C06-A0D9-A7D8AB3F54E7}.Ad-Hoc|ARM.ActiveCfg = Release|Any CPU
		{DD942D28-518D-4C06-A0D9-A7D8AB3F54E7}.Ad-Hoc|ARM.Build.0 = Release|Any CPU
		{DD942D28-518D-4C06-A0D9-A7D8AB3F54E7}.Ad-Hoc|ARM.Deploy.0 = Release|Any CPU
		{DD942D28-518D-4C06-A0D9-A7D8AB3F54E7}.Ad-Hoc|iPhone.ActiveCfg = Release|Any CPU
		{DD942D28-518D-4C06-A0D9-A7D8AB3F54E7}.Ad-Hoc|iPhone.Build.0 = Release|Any CPU
		{DD942D28-518D-4C06-A0D9-A7D8AB3F54E7}.Ad-Hoc|iPhone.Deploy.0 = Release|Any CPU
		{DD942D28-518D-4C06-A0D9-A7D8AB3F54E7}.Ad-Hoc|iPhoneSimulator.ActiveCfg = Release|Any CPU
		{DD942D28-518D-4C06-A0D9-A7D8AB3F54E7}.Ad-Hoc|iPhoneSimulator.Build.0 = Release|Any CPU
		{DD942D28-518D-4C06-A0D9-A7D8AB3F54E7}.Ad-Hoc|iPhoneSimulator.Deploy.0 = Release|Any CPU
		{DD942D28-518D-4C06-A0D9-A7D8AB3F54E7}.Ad-Hoc|x64.ActiveCfg = Release|Any CPU
		{DD942D28-518D-4C06-A0D9-A7D8AB3F54E7}.Ad-Hoc|x64.Build.0 = Release|Any CPU
		{DD942D28-518D-4C06-A0D9-A7D8AB3F54E7}.Ad-Hoc|x64.Deploy.0 = Release|Any CPU
		{DD942D28-518D-4C06-A0D9-A7D8AB3F54E7}.Ad-Hoc|x86.ActiveCfg = Release|Any CPU
		{DD942D28-518D-4C06-A0D9-A7D8AB3F54E7}.Ad-Hoc|x86.Build.0 = Release|Any CPU
		{DD942D28-518D-4C06-A0D9-A7D8AB3F54E7}.Ad-Hoc|x86.Deploy.0 = Release|Any CPU
		{DD942D28-518D-4C06-A0D9-A7D8AB3F54E7}.AppStore|Any CPU.ActiveCfg = Release|Any CPU
		{DD942D28-518D-4C06-A0D9-A7D8AB3F54E7}.AppStore|Any CPU.Build.0 = Release|Any CPU
		{DD942D28-518D-4C06-A0D9-A7D8AB3F54E7}.AppStore|Any CPU.Deploy.0 = Release|Any CPU
		{DD942D28-518D-4C06-A0D9-A7D8AB3F54E7}.AppStore|ARM.ActiveCfg = Release|Any CPU
		{DD942D28-518D-4C06-A0D9-A7D8AB3F54E7}.AppStore|ARM.Build.0 = Release|Any CPU
		{DD942D28-518D-4C06-A0D9-A7D8AB3F54E7}.AppStore|ARM.Deploy.0 = Release|Any CPU
		{DD942D28-518D-4C06-A0D9-A7D8AB3F54E7}.AppStore|iPhone.ActiveCfg = Release|Any CPU
		{DD942D28-518D-4C06-A0D9-A7D8AB3F54E7}.AppStore|iPhone.Build.0 = Release|Any CPU
		{DD942D28-518D-4C06-A0D9-A7D8AB3F54E7}.AppStore|iPhone.Deploy.0 = Release|Any CPU
		{DD942D28-518D-4C06-A0D9-A7D8AB3F54E7}.AppStore|iPhoneSimulator.ActiveCfg = Release|Any CPU
		{DD942D28-518D-4C06-A0D9-A7D8AB3F54E7}.AppStore|iPhoneSimulator.Build.0 = Release|Any CPU
		{DD942D28-518D-4C06-A0D9-A7D8AB3F54E7}.AppStore|iPhoneSimulator.Deploy.0 = Release|Any CPU
		{DD942D28-518D-4C06-A0D9-A7D8AB3F54E7}.AppStore|x64.ActiveCfg = Release|Any CPU
		{DD942D28-518D-4C06-A0D9-A7D8AB3F54E7}.AppStore|x64.Build.0 = Release|Any CPU
		{DD942D28-518D-4C06-A0D9-A7D8AB3F54E7}.AppStore|x64.Deploy.0 = Release|Any CPU
		{DD942D28-518D-4C06-A0D9-A7D8AB3F54E7}.AppStore|x86.ActiveCfg = Release|Any CPU
		{DD942D28-518D-4C06-A0D9-A7D8AB3F54E7}.AppStore|x86.Build.0 = Release|Any CPU
		{DD942D28-518D-4C06-A0D9-A7D8AB3F54E7}.AppStore|x86.Deploy.0 = Release|Any CPU
		{DD942D28-518D-4C06-A0D9-A7D8AB3F54E7}.Debug|Any CPU.ActiveCfg = Debug|Any CPU
		{DD942D28-518D-4C06-A0D9-A7D8AB3F54E7}.Debug|Any CPU.Build.0 = Debug|Any CPU
		{DD942D28-518D-4C06-A0D9-A7D8AB3F54E7}.Debug|Any CPU.Deploy.0 = Debug|Any CPU
		{DD942D28-518D-4C06-A0D9-A7D8AB3F54E7}.Debug|ARM.ActiveCfg = Debug|Any CPU
		{DD942D28-518D-4C06-A0D9-A7D8AB3F54E7}.Debug|ARM.Build.0 = Debug|Any CPU
		{DD942D28-518D-4C06-A0D9-A7D8AB3F54E7}.Debug|ARM.Deploy.0 = Debug|Any CPU
		{DD942D28-518D-4C06-A0D9-A7D8AB3F54E7}.Debug|iPhone.ActiveCfg = Debug|Any CPU
		{DD942D28-518D-4C06-A0D9-A7D8AB3F54E7}.Debug|iPhone.Build.0 = Debug|Any CPU
		{DD942D28-518D-4C06-A0D9-A7D8AB3F54E7}.Debug|iPhoneSimulator.ActiveCfg = Debug|Any CPU
		{DD942D28-518D-4C06-A0D9-A7D8AB3F54E7}.Debug|iPhoneSimulator.Build.0 = Debug|Any CPU
		{DD942D28-518D-4C06-A0D9-A7D8AB3F54E7}.Debug|iPhoneSimulator.Deploy.0 = Debug|Any CPU
		{DD942D28-518D-4C06-A0D9-A7D8AB3F54E7}.Debug|x64.ActiveCfg = Debug|Any CPU
		{DD942D28-518D-4C06-A0D9-A7D8AB3F54E7}.Debug|x64.Build.0 = Debug|Any CPU
		{DD942D28-518D-4C06-A0D9-A7D8AB3F54E7}.Debug|x64.Deploy.0 = Debug|Any CPU
		{DD942D28-518D-4C06-A0D9-A7D8AB3F54E7}.Debug|x86.ActiveCfg = Debug|Any CPU
		{DD942D28-518D-4C06-A0D9-A7D8AB3F54E7}.Debug|x86.Build.0 = Debug|Any CPU
		{DD942D28-518D-4C06-A0D9-A7D8AB3F54E7}.Debug|x86.Deploy.0 = Debug|Any CPU
		{DD942D28-518D-4C06-A0D9-A7D8AB3F54E7}.Release|Any CPU.ActiveCfg = Release|Any CPU
		{DD942D28-518D-4C06-A0D9-A7D8AB3F54E7}.Release|Any CPU.Build.0 = Release|Any CPU
		{DD942D28-518D-4C06-A0D9-A7D8AB3F54E7}.Release|Any CPU.Deploy.0 = Release|Any CPU
		{DD942D28-518D-4C06-A0D9-A7D8AB3F54E7}.Release|ARM.ActiveCfg = Release|Any CPU
		{DD942D28-518D-4C06-A0D9-A7D8AB3F54E7}.Release|ARM.Build.0 = Release|Any CPU
		{DD942D28-518D-4C06-A0D9-A7D8AB3F54E7}.Release|ARM.Deploy.0 = Release|Any CPU
		{DD942D28-518D-4C06-A0D9-A7D8AB3F54E7}.Release|iPhone.ActiveCfg = Release|Any CPU
		{DD942D28-518D-4C06-A0D9-A7D8AB3F54E7}.Release|iPhone.Build.0 = Release|Any CPU
		{DD942D28-518D-4C06-A0D9-A7D8AB3F54E7}.Release|iPhone.Deploy.0 = Release|Any CPU
		{DD942D28-518D-4C06-A0D9-A7D8AB3F54E7}.Release|iPhoneSimulator.ActiveCfg = Release|Any CPU
		{DD942D28-518D-4C06-A0D9-A7D8AB3F54E7}.Release|iPhoneSimulator.Build.0 = Release|Any CPU
		{DD942D28-518D-4C06-A0D9-A7D8AB3F54E7}.Release|iPhoneSimulator.Deploy.0 = Release|Any CPU
		{DD942D28-518D-4C06-A0D9-A7D8AB3F54E7}.Release|x64.ActiveCfg = Release|Any CPU
		{DD942D28-518D-4C06-A0D9-A7D8AB3F54E7}.Release|x64.Build.0 = Release|Any CPU
		{DD942D28-518D-4C06-A0D9-A7D8AB3F54E7}.Release|x64.Deploy.0 = Release|Any CPU
		{DD942D28-518D-4C06-A0D9-A7D8AB3F54E7}.Release|x86.ActiveCfg = Release|Any CPU
		{DD942D28-518D-4C06-A0D9-A7D8AB3F54E7}.Release|x86.Build.0 = Release|Any CPU
		{DD942D28-518D-4C06-A0D9-A7D8AB3F54E7}.Release|x86.Deploy.0 = Release|Any CPU
		{4546452D-55D8-41CA-B68B-F8D8D827EE4A}.Ad-Hoc|Any CPU.ActiveCfg = Ad-Hoc|iPhone
		{4546452D-55D8-41CA-B68B-F8D8D827EE4A}.Ad-Hoc|ARM.ActiveCfg = Ad-Hoc|iPhone
		{4546452D-55D8-41CA-B68B-F8D8D827EE4A}.Ad-Hoc|iPhone.ActiveCfg = Ad-Hoc|iPhone
		{4546452D-55D8-41CA-B68B-F8D8D827EE4A}.Ad-Hoc|iPhone.Build.0 = Ad-Hoc|iPhone
		{4546452D-55D8-41CA-B68B-F8D8D827EE4A}.Ad-Hoc|iPhoneSimulator.ActiveCfg = Ad-Hoc|iPhoneSimulator
		{4546452D-55D8-41CA-B68B-F8D8D827EE4A}.Ad-Hoc|iPhoneSimulator.Build.0 = Ad-Hoc|iPhoneSimulator
		{4546452D-55D8-41CA-B68B-F8D8D827EE4A}.Ad-Hoc|x64.ActiveCfg = Ad-Hoc|iPhone
		{4546452D-55D8-41CA-B68B-F8D8D827EE4A}.Ad-Hoc|x86.ActiveCfg = Ad-Hoc|iPhone
		{4546452D-55D8-41CA-B68B-F8D8D827EE4A}.AppStore|Any CPU.ActiveCfg = AppStore|iPhone
		{4546452D-55D8-41CA-B68B-F8D8D827EE4A}.AppStore|ARM.ActiveCfg = AppStore|iPhone
		{4546452D-55D8-41CA-B68B-F8D8D827EE4A}.AppStore|iPhone.ActiveCfg = AppStore|iPhone
		{4546452D-55D8-41CA-B68B-F8D8D827EE4A}.AppStore|iPhone.Build.0 = AppStore|iPhone
		{4546452D-55D8-41CA-B68B-F8D8D827EE4A}.AppStore|iPhoneSimulator.ActiveCfg = AppStore|iPhoneSimulator
		{4546452D-55D8-41CA-B68B-F8D8D827EE4A}.AppStore|iPhoneSimulator.Build.0 = AppStore|iPhoneSimulator
		{4546452D-55D8-41CA-B68B-F8D8D827EE4A}.AppStore|x64.ActiveCfg = AppStore|iPhone
		{4546452D-55D8-41CA-B68B-F8D8D827EE4A}.AppStore|x86.ActiveCfg = AppStore|iPhone
		{4546452D-55D8-41CA-B68B-F8D8D827EE4A}.Debug|Any CPU.ActiveCfg = Debug|iPhone
		{4546452D-55D8-41CA-B68B-F8D8D827EE4A}.Debug|ARM.ActiveCfg = Debug|iPhone
		{4546452D-55D8-41CA-B68B-F8D8D827EE4A}.Debug|iPhone.ActiveCfg = Debug|iPhone
		{4546452D-55D8-41CA-B68B-F8D8D827EE4A}.Debug|iPhone.Build.0 = Debug|iPhone
		{4546452D-55D8-41CA-B68B-F8D8D827EE4A}.Debug|iPhoneSimulator.ActiveCfg = Debug|iPhoneSimulator
		{4546452D-55D8-41CA-B68B-F8D8D827EE4A}.Debug|iPhoneSimulator.Build.0 = Debug|iPhoneSimulator
		{4546452D-55D8-41CA-B68B-F8D8D827EE4A}.Debug|x64.ActiveCfg = Debug|iPhone
		{4546452D-55D8-41CA-B68B-F8D8D827EE4A}.Debug|x86.ActiveCfg = Debug|iPhone
		{4546452D-55D8-41CA-B68B-F8D8D827EE4A}.Release|Any CPU.ActiveCfg = Release|iPhone
		{4546452D-55D8-41CA-B68B-F8D8D827EE4A}.Release|ARM.ActiveCfg = Release|iPhone
		{4546452D-55D8-41CA-B68B-F8D8D827EE4A}.Release|iPhone.ActiveCfg = Release|iPhone
		{4546452D-55D8-41CA-B68B-F8D8D827EE4A}.Release|iPhone.Build.0 = Release|iPhone
		{4546452D-55D8-41CA-B68B-F8D8D827EE4A}.Release|iPhoneSimulator.ActiveCfg = Release|iPhoneSimulator
		{4546452D-55D8-41CA-B68B-F8D8D827EE4A}.Release|iPhoneSimulator.Build.0 = Release|iPhoneSimulator
		{4546452D-55D8-41CA-B68B-F8D8D827EE4A}.Release|x64.ActiveCfg = Release|iPhone
		{4546452D-55D8-41CA-B68B-F8D8D827EE4A}.Release|x86.ActiveCfg = Release|iPhone
		{CB126428-9739-4C4E-9CBB-F09C03080415}.Ad-Hoc|Any CPU.ActiveCfg = Release|x86
		{CB126428-9739-4C4E-9CBB-F09C03080415}.Ad-Hoc|Any CPU.Build.0 = Release|x86
		{CB126428-9739-4C4E-9CBB-F09C03080415}.Ad-Hoc|Any CPU.Deploy.0 = Release|x86
		{CB126428-9739-4C4E-9CBB-F09C03080415}.Ad-Hoc|ARM.ActiveCfg = Release|ARM
		{CB126428-9739-4C4E-9CBB-F09C03080415}.Ad-Hoc|ARM.Build.0 = Release|ARM
		{CB126428-9739-4C4E-9CBB-F09C03080415}.Ad-Hoc|ARM.Deploy.0 = Release|ARM
		{CB126428-9739-4C4E-9CBB-F09C03080415}.Ad-Hoc|iPhone.ActiveCfg = Release|x86
		{CB126428-9739-4C4E-9CBB-F09C03080415}.Ad-Hoc|iPhone.Build.0 = Release|x86
		{CB126428-9739-4C4E-9CBB-F09C03080415}.Ad-Hoc|iPhone.Deploy.0 = Release|x86
		{CB126428-9739-4C4E-9CBB-F09C03080415}.Ad-Hoc|iPhoneSimulator.ActiveCfg = Release|x86
		{CB126428-9739-4C4E-9CBB-F09C03080415}.Ad-Hoc|iPhoneSimulator.Build.0 = Release|x86
		{CB126428-9739-4C4E-9CBB-F09C03080415}.Ad-Hoc|iPhoneSimulator.Deploy.0 = Release|x86
		{CB126428-9739-4C4E-9CBB-F09C03080415}.Ad-Hoc|x64.ActiveCfg = Release|x64
		{CB126428-9739-4C4E-9CBB-F09C03080415}.Ad-Hoc|x64.Build.0 = Release|x64
		{CB126428-9739-4C4E-9CBB-F09C03080415}.Ad-Hoc|x64.Deploy.0 = Release|x64
		{CB126428-9739-4C4E-9CBB-F09C03080415}.Ad-Hoc|x86.ActiveCfg = Release|x86
		{CB126428-9739-4C4E-9CBB-F09C03080415}.Ad-Hoc|x86.Build.0 = Release|x86
		{CB126428-9739-4C4E-9CBB-F09C03080415}.Ad-Hoc|x86.Deploy.0 = Release|x86
		{CB126428-9739-4C4E-9CBB-F09C03080415}.AppStore|Any CPU.ActiveCfg = Release|x86
		{CB126428-9739-4C4E-9CBB-F09C03080415}.AppStore|Any CPU.Build.0 = Release|x86
		{CB126428-9739-4C4E-9CBB-F09C03080415}.AppStore|Any CPU.Deploy.0 = Release|x86
		{CB126428-9739-4C4E-9CBB-F09C03080415}.AppStore|ARM.ActiveCfg = Release|ARM
		{CB126428-9739-4C4E-9CBB-F09C03080415}.AppStore|ARM.Build.0 = Release|ARM
		{CB126428-9739-4C4E-9CBB-F09C03080415}.AppStore|ARM.Deploy.0 = Release|ARM
		{CB126428-9739-4C4E-9CBB-F09C03080415}.AppStore|iPhone.ActiveCfg = Release|x86
		{CB126428-9739-4C4E-9CBB-F09C03080415}.AppStore|iPhone.Build.0 = Release|x86
		{CB126428-9739-4C4E-9CBB-F09C03080415}.AppStore|iPhone.Deploy.0 = Release|x86
		{CB126428-9739-4C4E-9CBB-F09C03080415}.AppStore|iPhoneSimulator.ActiveCfg = Release|x86
		{CB126428-9739-4C4E-9CBB-F09C03080415}.AppStore|iPhoneSimulator.Build.0 = Release|x86
		{CB126428-9739-4C4E-9CBB-F09C03080415}.AppStore|iPhoneSimulator.Deploy.0 = Release|x86
		{CB126428-9739-4C4E-9CBB-F09C03080415}.AppStore|x64.ActiveCfg = Release|x64
		{CB126428-9739-4C4E-9CBB-F09C03080415}.AppStore|x64.Build.0 = Release|x64
		{CB126428-9739-4C4E-9CBB-F09C03080415}.AppStore|x64.Deploy.0 = Release|x64
		{CB126428-9739-4C4E-9CBB-F09C03080415}.AppStore|x86.ActiveCfg = Release|x86
		{CB126428-9739-4C4E-9CBB-F09C03080415}.AppStore|x86.Build.0 = Release|x86
		{CB126428-9739-4C4E-9CBB-F09C03080415}.AppStore|x86.Deploy.0 = Release|x86
		{CB126428-9739-4C4E-9CBB-F09C03080415}.Debug|Any CPU.ActiveCfg = Debug|x86
		{CB126428-9739-4C4E-9CBB-F09C03080415}.Debug|Any CPU.Build.0 = Debug|x86
		{CB126428-9739-4C4E-9CBB-F09C03080415}.Debug|Any CPU.Deploy.0 = Debug|x86
		{CB126428-9739-4C4E-9CBB-F09C03080415}.Debug|ARM.ActiveCfg = Debug|ARM
		{CB126428-9739-4C4E-9CBB-F09C03080415}.Debug|ARM.Build.0 = Debug|ARM
		{CB126428-9739-4C4E-9CBB-F09C03080415}.Debug|ARM.Deploy.0 = Debug|ARM
		{CB126428-9739-4C4E-9CBB-F09C03080415}.Debug|iPhone.ActiveCfg = Debug|x86
		{CB126428-9739-4C4E-9CBB-F09C03080415}.Debug|iPhone.Build.0 = Debug|x86
		{CB126428-9739-4C4E-9CBB-F09C03080415}.Debug|iPhone.Deploy.0 = Debug|x86
		{CB126428-9739-4C4E-9CBB-F09C03080415}.Debug|iPhoneSimulator.ActiveCfg = Debug|x86
		{CB126428-9739-4C4E-9CBB-F09C03080415}.Debug|x64.ActiveCfg = Debug|x64
		{CB126428-9739-4C4E-9CBB-F09C03080415}.Debug|x64.Build.0 = Debug|x64
		{CB126428-9739-4C4E-9CBB-F09C03080415}.Debug|x64.Deploy.0 = Debug|x64
		{CB126428-9739-4C4E-9CBB-F09C03080415}.Debug|x86.ActiveCfg = Debug|x86
		{CB126428-9739-4C4E-9CBB-F09C03080415}.Debug|x86.Build.0 = Debug|x86
		{CB126428-9739-4C4E-9CBB-F09C03080415}.Debug|x86.Deploy.0 = Debug|x86
		{CB126428-9739-4C4E-9CBB-F09C03080415}.Release|Any CPU.ActiveCfg = Release|x86
		{CB126428-9739-4C4E-9CBB-F09C03080415}.Release|ARM.ActiveCfg = Release|ARM
		{CB126428-9739-4C4E-9CBB-F09C03080415}.Release|ARM.Build.0 = Release|ARM
		{CB126428-9739-4C4E-9CBB-F09C03080415}.Release|ARM.Deploy.0 = Release|ARM
		{CB126428-9739-4C4E-9CBB-F09C03080415}.Release|iPhone.ActiveCfg = Release|x86
		{CB126428-9739-4C4E-9CBB-F09C03080415}.Release|iPhoneSimulator.ActiveCfg = Release|x86
		{CB126428-9739-4C4E-9CBB-F09C03080415}.Release|x64.ActiveCfg = Release|x64
		{CB126428-9739-4C4E-9CBB-F09C03080415}.Release|x64.Build.0 = Release|x64
		{CB126428-9739-4C4E-9CBB-F09C03080415}.Release|x64.Deploy.0 = Release|x64
		{CB126428-9739-4C4E-9CBB-F09C03080415}.Release|x86.ActiveCfg = Release|x86
		{CB126428-9739-4C4E-9CBB-F09C03080415}.Release|x86.Build.0 = Release|x86
		{CB126428-9739-4C4E-9CBB-F09C03080415}.Release|x86.Deploy.0 = Release|x86
		{CF72088B-E0A5-401C-A795-531A81E05248}.Ad-Hoc|Any CPU.ActiveCfg = Release|Any CPU
		{CF72088B-E0A5-401C-A795-531A81E05248}.Ad-Hoc|Any CPU.Build.0 = Release|Any CPU
		{CF72088B-E0A5-401C-A795-531A81E05248}.Ad-Hoc|ARM.ActiveCfg = Release|Any CPU
		{CF72088B-E0A5-401C-A795-531A81E05248}.Ad-Hoc|ARM.Build.0 = Release|Any CPU
		{CF72088B-E0A5-401C-A795-531A81E05248}.Ad-Hoc|iPhone.ActiveCfg = Release|Any CPU
		{CF72088B-E0A5-401C-A795-531A81E05248}.Ad-Hoc|iPhone.Build.0 = Release|Any CPU
		{CF72088B-E0A5-401C-A795-531A81E05248}.Ad-Hoc|iPhoneSimulator.ActiveCfg = Release|Any CPU
		{CF72088B-E0A5-401C-A795-531A81E05248}.Ad-Hoc|iPhoneSimulator.Build.0 = Release|Any CPU
		{CF72088B-E0A5-401C-A795-531A81E05248}.Ad-Hoc|x64.ActiveCfg = Release|Any CPU
		{CF72088B-E0A5-401C-A795-531A81E05248}.Ad-Hoc|x64.Build.0 = Release|Any CPU
		{CF72088B-E0A5-401C-A795-531A81E05248}.Ad-Hoc|x86.ActiveCfg = Release|Any CPU
		{CF72088B-E0A5-401C-A795-531A81E05248}.Ad-Hoc|x86.Build.0 = Release|Any CPU
		{CF72088B-E0A5-401C-A795-531A81E05248}.AppStore|Any CPU.ActiveCfg = Release|Any CPU
		{CF72088B-E0A5-401C-A795-531A81E05248}.AppStore|Any CPU.Build.0 = Release|Any CPU
		{CF72088B-E0A5-401C-A795-531A81E05248}.AppStore|ARM.ActiveCfg = Release|Any CPU
		{CF72088B-E0A5-401C-A795-531A81E05248}.AppStore|ARM.Build.0 = Release|Any CPU
		{CF72088B-E0A5-401C-A795-531A81E05248}.AppStore|iPhone.ActiveCfg = Release|Any CPU
		{CF72088B-E0A5-401C-A795-531A81E05248}.AppStore|iPhone.Build.0 = Release|Any CPU
		{CF72088B-E0A5-401C-A795-531A81E05248}.AppStore|iPhoneSimulator.ActiveCfg = Release|Any CPU
		{CF72088B-E0A5-401C-A795-531A81E05248}.AppStore|iPhoneSimulator.Build.0 = Release|Any CPU
		{CF72088B-E0A5-401C-A795-531A81E05248}.AppStore|x64.ActiveCfg = Release|Any CPU
		{CF72088B-E0A5-401C-A795-531A81E05248}.AppStore|x64.Build.0 = Release|Any CPU
		{CF72088B-E0A5-401C-A795-531A81E05248}.AppStore|x86.ActiveCfg = Release|Any CPU
		{CF72088B-E0A5-401C-A795-531A81E05248}.AppStore|x86.Build.0 = Release|Any CPU
		{CF72088B-E0A5-401C-A795-531A81E05248}.Debug|Any CPU.ActiveCfg = Debug|Any CPU
		{CF72088B-E0A5-401C-A795-531A81E05248}.Debug|Any CPU.Build.0 = Debug|Any CPU
		{CF72088B-E0A5-401C-A795-531A81E05248}.Debug|ARM.ActiveCfg = Debug|Any CPU
		{CF72088B-E0A5-401C-A795-531A81E05248}.Debug|ARM.Build.0 = Debug|Any CPU
		{CF72088B-E0A5-401C-A795-531A81E05248}.Debug|iPhone.ActiveCfg = Debug|Any CPU
		{CF72088B-E0A5-401C-A795-531A81E05248}.Debug|iPhone.Build.0 = Debug|Any CPU
		{CF72088B-E0A5-401C-A795-531A81E05248}.Debug|iPhoneSimulator.ActiveCfg = Debug|Any CPU
		{CF72088B-E0A5-401C-A795-531A81E05248}.Debug|iPhoneSimulator.Build.0 = Debug|Any CPU
		{CF72088B-E0A5-401C-A795-531A81E05248}.Debug|x64.ActiveCfg = Debug|Any CPU
		{CF72088B-E0A5-401C-A795-531A81E05248}.Debug|x64.Build.0 = Debug|Any CPU
		{CF72088B-E0A5-401C-A795-531A81E05248}.Debug|x86.ActiveCfg = Debug|Any CPU
		{CF72088B-E0A5-401C-A795-531A81E05248}.Debug|x86.Build.0 = Debug|Any CPU
		{CF72088B-E0A5-401C-A795-531A81E05248}.Release|Any CPU.ActiveCfg = Release|Any CPU
		{CF72088B-E0A5-401C-A795-531A81E05248}.Release|Any CPU.Build.0 = Release|Any CPU
		{CF72088B-E0A5-401C-A795-531A81E05248}.Release|ARM.ActiveCfg = Release|Any CPU
		{CF72088B-E0A5-401C-A795-531A81E05248}.Release|ARM.Build.0 = Release|Any CPU
		{CF72088B-E0A5-401C-A795-531A81E05248}.Release|iPhone.ActiveCfg = Release|Any CPU
		{CF72088B-E0A5-401C-A795-531A81E05248}.Release|iPhone.Build.0 = Release|Any CPU
		{CF72088B-E0A5-401C-A795-531A81E05248}.Release|iPhoneSimulator.ActiveCfg = Release|Any CPU
		{CF72088B-E0A5-401C-A795-531A81E05248}.Release|iPhoneSimulator.Build.0 = Release|Any CPU
		{CF72088B-E0A5-401C-A795-531A81E05248}.Release|x64.ActiveCfg = Release|Any CPU
		{CF72088B-E0A5-401C-A795-531A81E05248}.Release|x64.Build.0 = Release|Any CPU
		{CF72088B-E0A5-401C-A795-531A81E05248}.Release|x86.ActiveCfg = Release|Any CPU
		{CF72088B-E0A5-401C-A795-531A81E05248}.Release|x86.Build.0 = Release|Any CPU
	EndGlobalSection
	GlobalSection(SolutionProperties) = preSolution
		HideSolutionNode = FALSE
	EndGlobalSection
EndGlobal
