
Microsoft Visual Studio Solution File, Format Version 12.00
# Visual Studio Version 16
VisualStudioVersion = 16.0.28803.352
MinimumVisualStudioVersion = 10.0.40219.1
Project("{9A19103F-16F7-4668-BE54-9A1E7A4F7556}") = "UserDetailsClient", "UserDetailsClient\UserDetailsClient\UserDetailsClient.csproj", "{CF72088B-E0A5-401C-A795-531A81E05248}"
EndProject
Project("{2150E333-8FDC-42A3-9474-1A3956D46DE8}") = "Solution Items", "Solution Items", "{36FE7FD1-5D6E-4733-8B43-D3A14A3D5539}"
	ProjectSection(SolutionItems) = preProject
		README.md = README.md
	EndProjectSection
EndProject
Project("{FAE04EC0-301F-11D3-BF4B-00C04F79EFBC}") = "UserDetailsClient.iOS", "UserDetailsClient\UserDetailsClient.iOS\UserDetailsClient.iOS.csproj", "{B4ECF877-4D7A-43FA-B798-1584E6C19535}"
EndProject
Project("{FAE04EC0-301F-11D3-BF4B-00C04F79EFBC}") = "UserDetailsClient.UWP", "UserDetailsClient\UserDetailsClient.UWP\UserDetailsClient.UWP.csproj", "{C7FD7092-CB08-4C2A-8B2D-3897D3E401DC}"
EndProject
Project("{FAE04EC0-301F-11D3-BF4B-00C04F79EFBC}") = "UserDetailsClient.Droid", "UserDetailsClient\UserDetailsClient.Android\UserDetailsClient.Droid.csproj", "{7350DF1B-5922-4C24-9EC5-F35F34085DE0}"
EndProject
Global
	GlobalSection(SolutionConfigurationPlatforms) = preSolution
		Ad-Hoc|Any CPU = Ad-Hoc|Any CPU
		Ad-Hoc|ARM = Ad-Hoc|ARM
		Ad-Hoc|iPhone = Ad-Hoc|iPhone
		Ad-Hoc|iPhoneSimulator = Ad-Hoc|iPhoneSimulator
		Ad-Hoc|x64 = Ad-Hoc|x64
		Ad-Hoc|x86 = Ad-Hoc|x86
		AppStore|Any CPU = AppStore|Any CPU
		AppStore|ARM = AppStore|ARM
		AppStore|iPhone = AppStore|iPhone
		AppStore|iPhoneSimulator = AppStore|iPhoneSimulator
		AppStore|x64 = AppStore|x64
		AppStore|x86 = AppStore|x86
		Debug|Any CPU = Debug|Any CPU
		Debug|ARM = Debug|ARM
		Debug|iPhone = Debug|iPhone
		Debug|iPhoneSimulator = Debug|iPhoneSimulator
		Debug|x64 = Debug|x64
		Debug|x86 = Debug|x86
		Release|Any CPU = Release|Any CPU
		Release|ARM = Release|ARM
		Release|iPhone = Release|iPhone
		Release|iPhoneSimulator = Release|iPhoneSimulator
		Release|x64 = Release|x64
		Release|x86 = Release|x86
	EndGlobalSection
	GlobalSection(ProjectConfigurationPlatforms) = postSolution
		{CF72088B-E0A5-401C-A795-531A81E05248}.Ad-Hoc|Any CPU.ActiveCfg = Release|Any CPU
		{CF72088B-E0A5-401C-A795-531A81E05248}.Ad-Hoc|Any CPU.Build.0 = Release|Any CPU
		{CF72088B-E0A5-401C-A795-531A81E05248}.Ad-Hoc|ARM.ActiveCfg = Release|Any CPU
		{CF72088B-E0A5-401C-A795-531A81E05248}.Ad-Hoc|ARM.Build.0 = Release|Any CPU
		{CF72088B-E0A5-401C-A795-531A81E05248}.Ad-Hoc|iPhone.ActiveCfg = Release|Any CPU
		{CF72088B-E0A5-401C-A795-531A81E05248}.Ad-Hoc|iPhone.Build.0 = Release|Any CPU
		{CF72088B-E0A5-401C-A795-531A81E05248}.Ad-Hoc|iPhoneSimulator.ActiveCfg = Release|Any CPU
		{CF72088B-E0A5-401C-A795-531A81E05248}.Ad-Hoc|iPhoneSimulator.Build.0 = Release|Any CPU
		{CF72088B-E0A5-401C-A795-531A81E05248}.Ad-Hoc|x64.ActiveCfg = Release|Any CPU
		{CF72088B-E0A5-401C-A795-531A81E05248}.Ad-Hoc|x64.Build.0 = Release|Any CPU
		{CF72088B-E0A5-401C-A795-531A81E05248}.Ad-Hoc|x86.ActiveCfg = Release|Any CPU
		{CF72088B-E0A5-401C-A795-531A81E05248}.Ad-Hoc|x86.Build.0 = Release|Any CPU
		{CF72088B-E0A5-401C-A795-531A81E05248}.AppStore|Any CPU.ActiveCfg = Release|Any CPU
		{CF72088B-E0A5-401C-A795-531A81E05248}.AppStore|Any CPU.Build.0 = Release|Any CPU
		{CF72088B-E0A5-401C-A795-531A81E05248}.AppStore|ARM.ActiveCfg = Release|Any CPU
		{CF72088B-E0A5-401C-A795-531A81E05248}.AppStore|ARM.Build.0 = Release|Any CPU
		{CF72088B-E0A5-401C-A795-531A81E05248}.AppStore|iPhone.ActiveCfg = Release|Any CPU
		{CF72088B-E0A5-401C-A795-531A81E05248}.AppStore|iPhone.Build.0 = Release|Any CPU
		{CF72088B-E0A5-401C-A795-531A81E05248}.AppStore|iPhoneSimulator.ActiveCfg = Release|Any CPU
		{CF72088B-E0A5-401C-A795-531A81E05248}.AppStore|iPhoneSimulator.Build.0 = Release|Any CPU
		{CF72088B-E0A5-401C-A795-531A81E05248}.AppStore|x64.ActiveCfg = Release|Any CPU
		{CF72088B-E0A5-401C-A795-531A81E05248}.AppStore|x64.Build.0 = Release|Any CPU
		{CF72088B-E0A5-401C-A795-531A81E05248}.AppStore|x86.ActiveCfg = Release|Any CPU
		{CF72088B-E0A5-401C-A795-531A81E05248}.AppStore|x86.Build.0 = Release|Any CPU
		{CF72088B-E0A5-401C-A795-531A81E05248}.Debug|Any CPU.ActiveCfg = Debug|Any CPU
		{CF72088B-E0A5-401C-A795-531A81E05248}.Debug|Any CPU.Build.0 = Debug|Any CPU
		{CF72088B-E0A5-401C-A795-531A81E05248}.Debug|ARM.ActiveCfg = Debug|Any CPU
		{CF72088B-E0A5-401C-A795-531A81E05248}.Debug|ARM.Build.0 = Debug|Any CPU
		{CF72088B-E0A5-401C-A795-531A81E05248}.Debug|iPhone.ActiveCfg = Debug|Any CPU
		{CF72088B-E0A5-401C-A795-531A81E05248}.Debug|iPhone.Build.0 = Debug|Any CPU
		{CF72088B-E0A5-401C-A795-531A81E05248}.Debug|iPhoneSimulator.ActiveCfg = Debug|Any CPU
		{CF72088B-E0A5-401C-A795-531A81E05248}.Debug|iPhoneSimulator.Build.0 = Debug|Any CPU
		{CF72088B-E0A5-401C-A795-531A81E05248}.Debug|x64.ActiveCfg = Debug|Any CPU
		{CF72088B-E0A5-401C-A795-531A81E05248}.Debug|x64.Build.0 = Debug|Any CPU
		{CF72088B-E0A5-401C-A795-531A81E05248}.Debug|x86.ActiveCfg = Debug|Any CPU
		{CF72088B-E0A5-401C-A795-531A81E05248}.Debug|x86.Build.0 = Debug|Any CPU
		{CF72088B-E0A5-401C-A795-531A81E05248}.Release|Any CPU.ActiveCfg = Release|Any CPU
		{CF72088B-E0A5-401C-A795-531A81E05248}.Release|Any CPU.Build.0 = Release|Any CPU
		{CF72088B-E0A5-401C-A795-531A81E05248}.Release|ARM.ActiveCfg = Release|Any CPU
		{CF72088B-E0A5-401C-A795-531A81E05248}.Release|ARM.Build.0 = Release|Any CPU
		{CF72088B-E0A5-401C-A795-531A81E05248}.Release|iPhone.ActiveCfg = Release|Any CPU
		{CF72088B-E0A5-401C-A795-531A81E05248}.Release|iPhone.Build.0 = Release|Any CPU
		{CF72088B-E0A5-401C-A795-531A81E05248}.Release|iPhoneSimulator.ActiveCfg = Release|Any CPU
		{CF72088B-E0A5-401C-A795-531A81E05248}.Release|iPhoneSimulator.Build.0 = Release|Any CPU
		{CF72088B-E0A5-401C-A795-531A81E05248}.Release|x64.ActiveCfg = Release|Any CPU
		{CF72088B-E0A5-401C-A795-531A81E05248}.Release|x64.Build.0 = Release|Any CPU
		{CF72088B-E0A5-401C-A795-531A81E05248}.Release|x86.ActiveCfg = Release|Any CPU
		{CF72088B-E0A5-401C-A795-531A81E05248}.Release|x86.Build.0 = Release|Any CPU
		{B4ECF877-4D7A-43FA-B798-1584E6C19535}.Ad-Hoc|Any CPU.ActiveCfg = Release|iPhone
		{B4ECF877-4D7A-43FA-B798-1584E6C19535}.Ad-Hoc|Any CPU.Build.0 = Release|iPhone
		{B4ECF877-4D7A-43FA-B798-1584E6C19535}.Ad-Hoc|ARM.ActiveCfg = Release|iPhone
		{B4ECF877-4D7A-43FA-B798-1584E6C19535}.Ad-Hoc|ARM.Build.0 = Release|iPhone
		{B4ECF877-4D7A-43FA-B798-1584E6C19535}.Ad-Hoc|iPhone.ActiveCfg = Release|iPhone
		{B4ECF877-4D7A-43FA-B798-1584E6C19535}.Ad-Hoc|iPhone.Build.0 = Release|iPhone
		{B4ECF877-4D7A-43FA-B798-1584E6C19535}.Ad-Hoc|iPhoneSimulator.ActiveCfg = Release|iPhoneSimulator
		{B4ECF877-4D7A-43FA-B798-1584E6C19535}.Ad-Hoc|iPhoneSimulator.Build.0 = Release|iPhoneSimulator
		{B4ECF877-4D7A-43FA-B798-1584E6C19535}.Ad-Hoc|x64.ActiveCfg = Release|iPhone
		{B4ECF877-4D7A-43FA-B798-1584E6C19535}.Ad-Hoc|x64.Build.0 = Release|iPhone
		{B4ECF877-4D7A-43FA-B798-1584E6C19535}.Ad-Hoc|x86.ActiveCfg = Release|iPhone
		{B4ECF877-4D7A-43FA-B798-1584E6C19535}.Ad-Hoc|x86.Build.0 = Release|iPhone
		{B4ECF877-4D7A-43FA-B798-1584E6C19535}.AppStore|Any CPU.ActiveCfg = Release|iPhone
		{B4ECF877-4D7A-43FA-B798-1584E6C19535}.AppStore|Any CPU.Build.0 = Release|iPhone
		{B4ECF877-4D7A-43FA-B798-1584E6C19535}.AppStore|ARM.ActiveCfg = Release|iPhone
		{B4ECF877-4D7A-43FA-B798-1584E6C19535}.AppStore|ARM.Build.0 = Release|iPhone
		{B4ECF877-4D7A-43FA-B798-1584E6C19535}.AppStore|iPhone.ActiveCfg = Release|iPhone
		{B4ECF877-4D7A-43FA-B798-1584E6C19535}.AppStore|iPhone.Build.0 = Release|iPhone
		{B4ECF877-4D7A-43FA-B798-1584E6C19535}.AppStore|iPhoneSimulator.ActiveCfg = Release|iPhoneSimulator
		{B4ECF877-4D7A-43FA-B798-1584E6C19535}.AppStore|iPhoneSimulator.Build.0 = Release|iPhoneSimulator
		{B4ECF877-4D7A-43FA-B798-1584E6C19535}.AppStore|x64.ActiveCfg = Release|iPhone
		{B4ECF877-4D7A-43FA-B798-1584E6C19535}.AppStore|x64.Build.0 = Release|iPhone
		{B4ECF877-4D7A-43FA-B798-1584E6C19535}.AppStore|x86.ActiveCfg = Release|iPhone
		{B4ECF877-4D7A-43FA-B798-1584E6C19535}.AppStore|x86.Build.0 = Release|iPhone
		{B4ECF877-4D7A-43FA-B798-1584E6C19535}.Debug|Any CPU.ActiveCfg = Debug|iPhone
		{B4ECF877-4D7A-43FA-B798-1584E6C19535}.Debug|Any CPU.Build.0 = Debug|iPhone
		{B4ECF877-4D7A-43FA-B798-1584E6C19535}.Debug|ARM.ActiveCfg = Debug|iPhone
		{B4ECF877-4D7A-43FA-B798-1584E6C19535}.Debug|iPhone.ActiveCfg = Debug|iPhone
		{B4ECF877-4D7A-43FA-B798-1584E6C19535}.Debug|iPhone.Build.0 = Debug|iPhone
		{B4ECF877-4D7A-43FA-B798-1584E6C19535}.Debug|iPhoneSimulator.ActiveCfg = Debug|iPhoneSimulator
		{B4ECF877-4D7A-43FA-B798-1584E6C19535}.Debug|iPhoneSimulator.Build.0 = Debug|iPhoneSimulator
		{B4ECF877-4D7A-43FA-B798-1584E6C19535}.Debug|x64.ActiveCfg = Debug|iPhone
		{B4ECF877-4D7A-43FA-B798-1584E6C19535}.Debug|x86.ActiveCfg = Debug|iPhone
		{B4ECF877-4D7A-43FA-B798-1584E6C19535}.Debug|x86.Build.0 = Debug|iPhone
		{B4ECF877-4D7A-43FA-B798-1584E6C19535}.Release|Any CPU.ActiveCfg = Release|iPhone
		{B4ECF877-4D7A-43FA-B798-1584E6C19535}.Release|ARM.ActiveCfg = Release|iPhone
		{B4ECF877-4D7A-43FA-B798-1584E6C19535}.Release|iPhone.ActiveCfg = Release|iPhone
		{B4ECF877-4D7A-43FA-B798-1584E6C19535}.Release|iPhone.Build.0 = Release|iPhone
		{B4ECF877-4D7A-43FA-B798-1584E6C19535}.Release|iPhoneSimulator.ActiveCfg = Release|iPhoneSimulator
		{B4ECF877-4D7A-43FA-B798-1584E6C19535}.Release|iPhoneSimulator.Build.0 = Release|iPhoneSimulator
		{B4ECF877-4D7A-43FA-B798-1584E6C19535}.Release|x64.ActiveCfg = Release|iPhone
		{B4ECF877-4D7A-43FA-B798-1584E6C19535}.Release|x86.ActiveCfg = Release|iPhone
		{C7FD7092-CB08-4C2A-8B2D-3897D3E401DC}.Ad-Hoc|Any CPU.ActiveCfg = Release|x86
		{C7FD7092-CB08-4C2A-8B2D-3897D3E401DC}.Ad-Hoc|Any CPU.Build.0 = Release|x86
		{C7FD7092-CB08-4C2A-8B2D-3897D3E401DC}.Ad-Hoc|Any CPU.Deploy.0 = Release|x86
		{C7FD7092-CB08-4C2A-8B2D-3897D3E401DC}.Ad-Hoc|ARM.ActiveCfg = Release|ARM
		{C7FD7092-CB08-4C2A-8B2D-3897D3E401DC}.Ad-Hoc|ARM.Build.0 = Release|ARM
		{C7FD7092-CB08-4C2A-8B2D-3897D3E401DC}.Ad-Hoc|ARM.Deploy.0 = Release|ARM
		{C7FD7092-CB08-4C2A-8B2D-3897D3E401DC}.Ad-Hoc|iPhone.ActiveCfg = Release|x86
		{C7FD7092-CB08-4C2A-8B2D-3897D3E401DC}.Ad-Hoc|iPhone.Build.0 = Release|x86
		{C7FD7092-CB08-4C2A-8B2D-3897D3E401DC}.Ad-Hoc|iPhone.Deploy.0 = Release|x86
		{C7FD7092-CB08-4C2A-8B2D-3897D3E401DC}.Ad-Hoc|iPhoneSimulator.ActiveCfg = Release|x86
		{C7FD7092-CB08-4C2A-8B2D-3897D3E401DC}.Ad-Hoc|iPhoneSimulator.Build.0 = Release|x86
		{C7FD7092-CB08-4C2A-8B2D-3897D3E401DC}.Ad-Hoc|iPhoneSimulator.Deploy.0 = Release|x86
		{C7FD7092-CB08-4C2A-8B2D-3897D3E401DC}.Ad-Hoc|x64.ActiveCfg = Release|x64
		{C7FD7092-CB08-4C2A-8B2D-3897D3E401DC}.Ad-Hoc|x64.Build.0 = Release|x64
		{C7FD7092-CB08-4C2A-8B2D-3897D3E401DC}.Ad-Hoc|x64.Deploy.0 = Release|x64
		{C7FD7092-CB08-4C2A-8B2D-3897D3E401DC}.Ad-Hoc|x86.ActiveCfg = Release|x86
		{C7FD7092-CB08-4C2A-8B2D-3897D3E401DC}.Ad-Hoc|x86.Build.0 = Release|x86
		{C7FD7092-CB08-4C2A-8B2D-3897D3E401DC}.Ad-Hoc|x86.Deploy.0 = Release|x86
		{C7FD7092-CB08-4C2A-8B2D-3897D3E401DC}.AppStore|Any CPU.ActiveCfg = Release|x86
		{C7FD7092-CB08-4C2A-8B2D-3897D3E401DC}.AppStore|Any CPU.Build.0 = Release|x86
		{C7FD7092-CB08-4C2A-8B2D-3897D3E401DC}.AppStore|Any CPU.Deploy.0 = Release|x86
		{C7FD7092-CB08-4C2A-8B2D-3897D3E401DC}.AppStore|ARM.ActiveCfg = Release|ARM
		{C7FD7092-CB08-4C2A-8B2D-3897D3E401DC}.AppStore|ARM.Build.0 = Release|ARM
		{C7FD7092-CB08-4C2A-8B2D-3897D3E401DC}.AppStore|ARM.Deploy.0 = Release|ARM
		{C7FD7092-CB08-4C2A-8B2D-3897D3E401DC}.AppStore|iPhone.ActiveCfg = Release|x86
		{C7FD7092-CB08-4C2A-8B2D-3897D3E401DC}.AppStore|iPhone.Build.0 = Release|x86
		{C7FD7092-CB08-4C2A-8B2D-3897D3E401DC}.AppStore|iPhone.Deploy.0 = Release|x86
		{C7FD7092-CB08-4C2A-8B2D-3897D3E401DC}.AppStore|iPhoneSimulator.ActiveCfg = Release|x86
		{C7FD7092-CB08-4C2A-8B2D-3897D3E401DC}.AppStore|iPhoneSimulator.Build.0 = Release|x86
		{C7FD7092-CB08-4C2A-8B2D-3897D3E401DC}.AppStore|iPhoneSimulator.Deploy.0 = Release|x86
		{C7FD7092-CB08-4C2A-8B2D-3897D3E401DC}.AppStore|x64.ActiveCfg = Release|x64
		{C7FD7092-CB08-4C2A-8B2D-3897D3E401DC}.AppStore|x64.Build.0 = Release|x64
		{C7FD7092-CB08-4C2A-8B2D-3897D3E401DC}.AppStore|x64.Deploy.0 = Release|x64
		{C7FD7092-CB08-4C2A-8B2D-3897D3E401DC}.AppStore|x86.ActiveCfg = Release|x86
		{C7FD7092-CB08-4C2A-8B2D-3897D3E401DC}.AppStore|x86.Build.0 = Release|x86
		{C7FD7092-CB08-4C2A-8B2D-3897D3E401DC}.AppStore|x86.Deploy.0 = Release|x86
		{C7FD7092-CB08-4C2A-8B2D-3897D3E401DC}.Debug|Any CPU.ActiveCfg = Debug|x86
		{C7FD7092-CB08-4C2A-8B2D-3897D3E401DC}.Debug|Any CPU.Build.0 = Debug|x86
		{C7FD7092-CB08-4C2A-8B2D-3897D3E401DC}.Debug|Any CPU.Deploy.0 = Debug|x86
		{C7FD7092-CB08-4C2A-8B2D-3897D3E401DC}.Debug|ARM.ActiveCfg = Debug|ARM
		{C7FD7092-CB08-4C2A-8B2D-3897D3E401DC}.Debug|ARM.Build.0 = Debug|ARM
		{C7FD7092-CB08-4C2A-8B2D-3897D3E401DC}.Debug|ARM.Deploy.0 = Debug|ARM
		{C7FD7092-CB08-4C2A-8B2D-3897D3E401DC}.Debug|iPhone.ActiveCfg = Debug|x86
		{C7FD7092-CB08-4C2A-8B2D-3897D3E401DC}.Debug|iPhoneSimulator.ActiveCfg = Debug|x86
		{C7FD7092-CB08-4C2A-8B2D-3897D3E401DC}.Debug|x64.ActiveCfg = Debug|x64
		{C7FD7092-CB08-4C2A-8B2D-3897D3E401DC}.Debug|x64.Build.0 = Debug|x64
		{C7FD7092-CB08-4C2A-8B2D-3897D3E401DC}.Debug|x64.Deploy.0 = Debug|x64
		{C7FD7092-CB08-4C2A-8B2D-3897D3E401DC}.Debug|x86.ActiveCfg = Debug|x86
		{C7FD7092-CB08-4C2A-8B2D-3897D3E401DC}.Debug|x86.Build.0 = Debug|x86
		{C7FD7092-CB08-4C2A-8B2D-3897D3E401DC}.Debug|x86.Deploy.0 = Debug|x86
		{C7FD7092-CB08-4C2A-8B2D-3897D3E401DC}.Release|Any CPU.ActiveCfg = Release|x86
		{C7FD7092-CB08-4C2A-8B2D-3897D3E401DC}.Release|ARM.ActiveCfg = Release|ARM
		{C7FD7092-CB08-4C2A-8B2D-3897D3E401DC}.Release|ARM.Build.0 = Release|ARM
		{C7FD7092-CB08-4C2A-8B2D-3897D3E401DC}.Release|ARM.Deploy.0 = Release|ARM
		{C7FD7092-CB08-4C2A-8B2D-3897D3E401DC}.Release|iPhone.ActiveCfg = Release|x86
		{C7FD7092-CB08-4C2A-8B2D-3897D3E401DC}.Release|iPhoneSimulator.ActiveCfg = Release|x86
		{C7FD7092-CB08-4C2A-8B2D-3897D3E401DC}.Release|x64.ActiveCfg = Release|x64
		{C7FD7092-CB08-4C2A-8B2D-3897D3E401DC}.Release|x64.Build.0 = Release|x64
		{C7FD7092-CB08-4C2A-8B2D-3897D3E401DC}.Release|x64.Deploy.0 = Release|x64
		{C7FD7092-CB08-4C2A-8B2D-3897D3E401DC}.Release|x86.ActiveCfg = Release|x86
		{C7FD7092-CB08-4C2A-8B2D-3897D3E401DC}.Release|x86.Build.0 = Release|x86
		{C7FD7092-CB08-4C2A-8B2D-3897D3E401DC}.Release|x86.Deploy.0 = Release|x86
		{7350DF1B-5922-4C24-9EC5-F35F34085DE0}.Ad-Hoc|Any CPU.ActiveCfg = Release|Any CPU
		{7350DF1B-5922-4C24-9EC5-F35F34085DE0}.Ad-Hoc|Any CPU.Build.0 = Release|Any CPU
		{7350DF1B-5922-4C24-9EC5-F35F34085DE0}.Ad-Hoc|Any CPU.Deploy.0 = Release|Any CPU
		{7350DF1B-5922-4C24-9EC5-F35F34085DE0}.Ad-Hoc|ARM.ActiveCfg = Release|Any CPU
		{7350DF1B-5922-4C24-9EC5-F35F34085DE0}.Ad-Hoc|ARM.Build.0 = Release|Any CPU
		{7350DF1B-5922-4C24-9EC5-F35F34085DE0}.Ad-Hoc|ARM.Deploy.0 = Release|Any CPU
		{7350DF1B-5922-4C24-9EC5-F35F34085DE0}.Ad-Hoc|iPhone.ActiveCfg = Release|Any CPU
		{7350DF1B-5922-4C24-9EC5-F35F34085DE0}.Ad-Hoc|iPhone.Build.0 = Release|Any CPU
		{7350DF1B-5922-4C24-9EC5-F35F34085DE0}.Ad-Hoc|iPhone.Deploy.0 = Release|Any CPU
		{7350DF1B-5922-4C24-9EC5-F35F34085DE0}.Ad-Hoc|iPhoneSimulator.ActiveCfg = Release|Any CPU
		{7350DF1B-5922-4C24-9EC5-F35F34085DE0}.Ad-Hoc|iPhoneSimulator.Build.0 = Release|Any CPU
		{7350DF1B-5922-4C24-9EC5-F35F34085DE0}.Ad-Hoc|iPhoneSimulator.Deploy.0 = Release|Any CPU
		{7350DF1B-5922-4C24-9EC5-F35F34085DE0}.Ad-Hoc|x64.ActiveCfg = Release|Any CPU
		{7350DF1B-5922-4C24-9EC5-F35F34085DE0}.Ad-Hoc|x64.Build.0 = Release|Any CPU
		{7350DF1B-5922-4C24-9EC5-F35F34085DE0}.Ad-Hoc|x64.Deploy.0 = Release|Any CPU
		{7350DF1B-5922-4C24-9EC5-F35F34085DE0}.Ad-Hoc|x86.ActiveCfg = Release|Any CPU
		{7350DF1B-5922-4C24-9EC5-F35F34085DE0}.Ad-Hoc|x86.Build.0 = Release|Any CPU
		{7350DF1B-5922-4C24-9EC5-F35F34085DE0}.Ad-Hoc|x86.Deploy.0 = Release|Any CPU
		{7350DF1B-5922-4C24-9EC5-F35F34085DE0}.AppStore|Any CPU.ActiveCfg = Release|Any CPU
		{7350DF1B-5922-4C24-9EC5-F35F34085DE0}.AppStore|Any CPU.Build.0 = Release|Any CPU
		{7350DF1B-5922-4C24-9EC5-F35F34085DE0}.AppStore|Any CPU.Deploy.0 = Release|Any CPU
		{7350DF1B-5922-4C24-9EC5-F35F34085DE0}.AppStore|ARM.ActiveCfg = Release|Any CPU
		{7350DF1B-5922-4C24-9EC5-F35F34085DE0}.AppStore|ARM.Build.0 = Release|Any CPU
		{7350DF1B-5922-4C24-9EC5-F35F34085DE0}.AppStore|ARM.Deploy.0 = Release|Any CPU
		{7350DF1B-5922-4C24-9EC5-F35F34085DE0}.AppStore|iPhone.ActiveCfg = Release|Any CPU
		{7350DF1B-5922-4C24-9EC5-F35F34085DE0}.AppStore|iPhone.Build.0 = Release|Any CPU
		{7350DF1B-5922-4C24-9EC5-F35F34085DE0}.AppStore|iPhone.Deploy.0 = Release|Any CPU
		{7350DF1B-5922-4C24-9EC5-F35F34085DE0}.AppStore|iPhoneSimulator.ActiveCfg = Release|Any CPU
		{7350DF1B-5922-4C24-9EC5-F35F34085DE0}.AppStore|iPhoneSimulator.Build.0 = Release|Any CPU
		{7350DF1B-5922-4C24-9EC5-F35F34085DE0}.AppStore|iPhoneSimulator.Deploy.0 = Release|Any CPU
		{7350DF1B-5922-4C24-9EC5-F35F34085DE0}.AppStore|x64.ActiveCfg = Release|Any CPU
		{7350DF1B-5922-4C24-9EC5-F35F34085DE0}.AppStore|x64.Build.0 = Release|Any CPU
		{7350DF1B-5922-4C24-9EC5-F35F34085DE0}.AppStore|x64.Deploy.0 = Release|Any CPU
		{7350DF1B-5922-4C24-9EC5-F35F34085DE0}.AppStore|x86.ActiveCfg = Release|Any CPU
		{7350DF1B-5922-4C24-9EC5-F35F34085DE0}.AppStore|x86.Build.0 = Release|Any CPU
		{7350DF1B-5922-4C24-9EC5-F35F34085DE0}.AppStore|x86.Deploy.0 = Release|Any CPU
		{7350DF1B-5922-4C24-9EC5-F35F34085DE0}.Debug|Any CPU.ActiveCfg = Debug|Any CPU
		{7350DF1B-5922-4C24-9EC5-F35F34085DE0}.Debug|Any CPU.Build.0 = Debug|Any CPU
		{7350DF1B-5922-4C24-9EC5-F35F34085DE0}.Debug|Any CPU.Deploy.0 = Debug|Any CPU
		{7350DF1B-5922-4C24-9EC5-F35F34085DE0}.Debug|ARM.ActiveCfg = Debug|Any CPU
		{7350DF1B-5922-4C24-9EC5-F35F34085DE0}.Debug|ARM.Build.0 = Debug|Any CPU
		{7350DF1B-5922-4C24-9EC5-F35F34085DE0}.Debug|ARM.Deploy.0 = Debug|Any CPU
		{7350DF1B-5922-4C24-9EC5-F35F34085DE0}.Debug|iPhone.ActiveCfg = Debug|Any CPU
		{7350DF1B-5922-4C24-9EC5-F35F34085DE0}.Debug|iPhone.Build.0 = Debug|Any CPU
		{7350DF1B-5922-4C24-9EC5-F35F34085DE0}.Debug|iPhone.Deploy.0 = Debug|Any CPU
		{7350DF1B-5922-4C24-9EC5-F35F34085DE0}.Debug|iPhoneSimulator.ActiveCfg = Debug|Any CPU
		{7350DF1B-5922-4C24-9EC5-F35F34085DE0}.Debug|iPhoneSimulator.Build.0 = Debug|Any CPU
		{7350DF1B-5922-4C24-9EC5-F35F34085DE0}.Debug|iPhoneSimulator.Deploy.0 = Debug|Any CPU
		{7350DF1B-5922-4C24-9EC5-F35F34085DE0}.Debug|x64.ActiveCfg = Debug|Any CPU
		{7350DF1B-5922-4C24-9EC5-F35F34085DE0}.Debug|x64.Build.0 = Debug|Any CPU
		{7350DF1B-5922-4C24-9EC5-F35F34085DE0}.Debug|x64.Deploy.0 = Debug|Any CPU
		{7350DF1B-5922-4C24-9EC5-F35F34085DE0}.Debug|x86.ActiveCfg = Debug|Any CPU
		{7350DF1B-5922-4C24-9EC5-F35F34085DE0}.Debug|x86.Build.0 = Debug|Any CPU
		{7350DF1B-5922-4C24-9EC5-F35F34085DE0}.Debug|x86.Deploy.0 = Debug|Any CPU
		{7350DF1B-5922-4C24-9EC5-F35F34085DE0}.Release|Any CPU.ActiveCfg = Release|Any CPU
		{7350DF1B-5922-4C24-9EC5-F35F34085DE0}.Release|Any CPU.Build.0 = Release|Any CPU
		{7350DF1B-5922-4C24-9EC5-F35F34085DE0}.Release|Any CPU.Deploy.0 = Release|Any CPU
		{7350DF1B-5922-4C24-9EC5-F35F34085DE0}.Release|ARM.ActiveCfg = Release|Any CPU
		{7350DF1B-5922-4C24-9EC5-F35F34085DE0}.Release|ARM.Build.0 = Release|Any CPU
		{7350DF1B-5922-4C24-9EC5-F35F34085DE0}.Release|ARM.Deploy.0 = Release|Any CPU
		{7350DF1B-5922-4C24-9EC5-F35F34085DE0}.Release|iPhone.ActiveCfg = Release|Any CPU
		{7350DF1B-5922-4C24-9EC5-F35F34085DE0}.Release|iPhone.Build.0 = Release|Any CPU
		{7350DF1B-5922-4C24-9EC5-F35F34085DE0}.Release|iPhone.Deploy.0 = Release|Any CPU
		{7350DF1B-5922-4C24-9EC5-F35F34085DE0}.Release|iPhoneSimulator.ActiveCfg = Release|Any CPU
		{7350DF1B-5922-4C24-9EC5-F35F34085DE0}.Release|iPhoneSimulator.Build.0 = Release|Any CPU
		{7350DF1B-5922-4C24-9EC5-F35F34085DE0}.Release|iPhoneSimulator.Deploy.0 = Release|Any CPU
		{7350DF1B-5922-4C24-9EC5-F35F34085DE0}.Release|x64.ActiveCfg = Release|Any CPU
		{7350DF1B-5922-4C24-9EC5-F35F34085DE0}.Release|x64.Build.0 = Release|Any CPU
		{7350DF1B-5922-4C24-9EC5-F35F34085DE0}.Release|x64.Deploy.0 = Release|Any CPU
		{7350DF1B-5922-4C24-9EC5-F35F34085DE0}.Release|x86.ActiveCfg = Release|Any CPU
		{7350DF1B-5922-4C24-9EC5-F35F34085DE0}.Release|x86.Build.0 = Release|Any CPU
		{7350DF1B-5922-4C24-9EC5-F35F34085DE0}.Release|x86.Deploy.0 = Release|Any CPU
	EndGlobalSection
	GlobalSection(SolutionProperties) = preSolution
		HideSolutionNode = FALSE
	EndGlobalSection
	GlobalSection(ExtensibilityGlobals) = postSolution
		SolutionGuid = {DE374F73-BB5C-4BF7-9009-79A424F43173}
	EndGlobalSection
EndGlobal
