Microsoft Visual Studio Solution File, Format Version 12.00
# Visual Studio Version 17
VisualStudioVersion = 17.1.32328.378
MinimumVisualStudioVersion = 10.0.40219.1
Project("{FAE04EC0-301F-11D3-BF4B-00C04F79EFBC}") = "UserDetailsClient.Droid", "UserDetailsClient\UserDetailsClient.Droid\UserDetailsClient.Droid.csproj", "{DD942D28-518D-4C06-A0D9-A7D8AB3F54E7}"
EndProject
Project("{FAE04EC0-301F-11D3-BF4B-00C04F79EFBC}") = "UserDetailsClient.iOS", "UserDetailsClient\UserDetailsClient.iOS\UserDetailsClient.iOS.csproj", "{4546452D-55D8-41CA-B68B-F8D8D827EE4A}"
EndProject
Project("{FAE04EC0-301F-11D3-BF4B-00C04F79EFBC}") = "UserDetailsClient.UWP", "UserDetailsClient\UserDetailsClient.UWP\UserDetailsClient.UWP.csproj", "{CB126428-9739-4C4E-9CBB-F09C03080415}"
EndProject
Project("{9A19103F-16F7-4668-BE54-9A1E7A4F7556}") = "UserDetailsClient", "UserDetailsClient\UserDetailsClient\UserDetailsClient.csproj", "{CF72088B-E0A5-401C-A795-531A81E05248}"
EndProject
Project("{2150E333-8FDC-42A3-9474-1A3956D46DE8}") = "Solution Items", "Solution Items", "{36FE7FD1-5D6E-4733-8B43-D3A14A3D5539}"
EndProject
Global
	GlobalSection(SolutionConfigurationPlatforms) = preSolution
		Ad-Hoc|Any CPU = Ad-Hoc|Any CPU
		Ad-Hoc|iPhone = Ad-Hoc|iPhone
		Ad-Hoc|iPhoneSimulator = Ad-Hoc|iPhoneSimulator
		AppStore|Any CPU = AppStore|Any CPU
		AppStore|iPhone = AppStore|iPhone
		AppStore|iPhoneSimulator = AppStore|iPhoneSimulator
		Debug|Any CPU = Debug|Any CPU
		Debug|iPhone = Debug|iPhone
		Debug|iPhoneSimulator = Debug|iPhoneSimulator
		Release|Any CPU = Release|Any CPU
		Release|iPhone = Release|iPhone
		Release|iPhoneSimulator = Release|iPhoneSimulator
	EndGlobalSection
	GlobalSection(ProjectConfigurationPlatforms) = postSolution
		{DD942D28-518D-4C06-A0D9-A7D8AB3F54E7}.Ad-Hoc|Any CPU.ActiveCfg = Debug|Any CPU
		{DD942D28-518D-4C06-A0D9-A7D8AB3F54E7}.Ad-Hoc|Any CPU.Build.0 = Debug|Any CPU
		{DD942D28-518D-4C06-A0D9-A7D8AB3F54E7}.Ad-Hoc|Any CPU.Deploy.0 = Debug|Any CPU
		{DD942D28-518D-4C06-A0D9-A7D8AB3F54E7}.Ad-Hoc|iPhone.ActiveCfg = Debug|Any CPU
		{DD942D28-518D-4C06-A0D9-A7D8AB3F54E7}.Ad-Hoc|iPhone.Build.0 = Debug|Any CPU
		{DD942D28-518D-4C06-A0D9-A7D8AB3F54E7}.Ad-Hoc|iPhone.Deploy.0 = Debug|Any CPU
		{DD942D28-518D-4C06-A0D9-A7D8AB3F54E7}.Ad-Hoc|iPhoneSimulator.ActiveCfg = Debug|Any CPU
		{DD942D28-518D-4C06-A0D9-A7D8AB3F54E7}.Ad-Hoc|iPhoneSimulator.Build.0 = Debug|Any CPU
		{DD942D28-518D-4C06-A0D9-A7D8AB3F54E7}.Ad-Hoc|iPhoneSimulator.Deploy.0 = Debug|Any CPU
		{DD942D28-518D-4C06-A0D9-A7D8AB3F54E7}.AppStore|Any CPU.ActiveCfg = Debug|Any CPU
		{DD942D28-518D-4C06-A0D9-A7D8AB3F54E7}.AppStore|Any CPU.Build.0 = Debug|Any CPU
		{DD942D28-518D-4C06-A0D9-A7D8AB3F54E7}.AppStore|Any CPU.Deploy.0 = Debug|Any CPU
		{DD942D28-518D-4C06-A0D9-A7D8AB3F54E7}.AppStore|iPhone.ActiveCfg = Debug|Any CPU
		{DD942D28-518D-4C06-A0D9-A7D8AB3F54E7}.AppStore|iPhone.Build.0 = Debug|Any CPU
		{DD942D28-518D-4C06-A0D9-A7D8AB3F54E7}.AppStore|iPhone.Deploy.0 = Debug|Any CPU
		{DD942D28-518D-4C06-A0D9-A7D8AB3F54E7}.AppStore|iPhoneSimulator.ActiveCfg = Debug|Any CPU
		{DD942D28-518D-4C06-A0D9-A7D8AB3F54E7}.AppStore|iPhoneSimulator.Build.0 = Debug|Any CPU
		{DD942D28-518D-4C06-A0D9-A7D8AB3F54E7}.AppStore|iPhoneSimulator.Deploy.0 = Debug|Any CPU
		{DD942D28-518D-4C06-A0D9-A7D8AB3F54E7}.Debug|Any CPU.ActiveCfg = Debug|Any CPU
		{DD942D28-518D-4C06-A0D9-A7D8AB3F54E7}.Debug|Any CPU.Build.0 = Debug|Any CPU
		{DD942D28-518D-4C06-A0D9-A7D8AB3F54E7}.Debug|Any CPU.Deploy.0 = Debug|Any CPU
		{DD942D28-518D-4C06-A0D9-A7D8AB3F54E7}.Debug|iPhone.ActiveCfg = Debug|Any CPU
		{DD942D28-518D-4C06-A0D9-A7D8AB3F54E7}.Debug|iPhone.Build.0 = Debug|Any CPU
		{DD942D28-518D-4C06-A0D9-A7D8AB3F54E7}.Debug|iPhone.Deploy.0 = Debug|Any CPU
		{DD942D28-518D-4C06-A0D9-A7D8AB3F54E7}.Debug|iPhoneSimulator.ActiveCfg = Debug|Any CPU
		{DD942D28-518D-4C06-A0D9-A7D8AB3F54E7}.Debug|iPhoneSimulator.Build.0 = Debug|Any CPU
		{DD942D28-518D-4C06-A0D9-A7D8AB3F54E7}.Debug|iPhoneSimulator.Deploy.0 = Debug|Any CPU
		{DD942D28-518D-4C06-A0D9-A7D8AB3F54E7}.Release|Any CPU.ActiveCfg = Release|Any CPU
		{DD942D28-518D-4C06-A0D9-A7D8AB3F54E7}.Release|Any CPU.Build.0 = Release|Any CPU
		{DD942D28-518D-4C06-A0D9-A7D8AB3F54E7}.Release|Any CPU.Deploy.0 = Release|Any CPU
		{DD942D28-518D-4C06-A0D9-A7D8AB3F54E7}.Release|iPhone.ActiveCfg = Release|Any CPU
		{DD942D28-518D-4C06-A0D9-A7D8AB3F54E7}.Release|iPhone.Build.0 = Release|Any CPU
		{DD942D28-518D-4C06-A0D9-A7D8AB3F54E7}.Release|iPhone.Deploy.0 = Release|Any CPU
		{DD942D28-518D-4C06-A0D9-A7D8AB3F54E7}.Release|iPhoneSimulator.ActiveCfg = Release|Any CPU
		{DD942D28-518D-4C06-A0D9-A7D8AB3F54E7}.Release|iPhoneSimulator.Build.0 = Release|Any CPU
		{DD942D28-518D-4C06-A0D9-A7D8AB3F54E7}.Release|iPhoneSimulator.Deploy.0 = Release|Any CPU
		{4546452D-55D8-41CA-B68B-F8D8D827EE4A}.Ad-Hoc|Any CPU.ActiveCfg = Ad-Hoc|iPhoneSimulator
		{4546452D-55D8-41CA-B68B-F8D8D827EE4A}.Ad-Hoc|Any CPU.Build.0 = Ad-Hoc|iPhoneSimulator
		{4546452D-55D8-41CA-B68B-F8D8D827EE4A}.Ad-Hoc|iPhone.ActiveCfg = Ad-Hoc|iPhone
		{4546452D-55D8-41CA-B68B-F8D8D827EE4A}.Ad-Hoc|iPhone.Build.0 = Ad-Hoc|iPhone
		{4546452D-55D8-41CA-B68B-F8D8D827EE4A}.Ad-Hoc|iPhoneSimulator.ActiveCfg = Ad-Hoc|iPhoneSimulator
		{4546452D-55D8-41CA-B68B-F8D8D827EE4A}.Ad-Hoc|iPhoneSimulator.Build.0 = Ad-Hoc|iPhoneSimulator
		{4546452D-55D8-41CA-B68B-F8D8D827EE4A}.AppStore|Any CPU.ActiveCfg = AppStore|iPhoneSimulator
		{4546452D-55D8-41CA-B68B-F8D8D827EE4A}.AppStore|Any CPU.Build.0 = AppStore|iPhoneSimulator
		{4546452D-55D8-41CA-B68B-F8D8D827EE4A}.AppStore|iPhone.ActiveCfg = AppStore|iPhone
		{4546452D-55D8-41CA-B68B-F8D8D827EE4A}.AppStore|iPhone.Build.0 = AppStore|iPhone
		{4546452D-55D8-41CA-B68B-F8D8D827EE4A}.AppStore|iPhoneSimulator.ActiveCfg = AppStore|iPhoneSimulator
		{4546452D-55D8-41CA-B68B-F8D8D827EE4A}.AppStore|iPhoneSimulator.Build.0 = AppStore|iPhoneSimulator
		{4546452D-55D8-41CA-B68B-F8D8D827EE4A}.Debug|Any CPU.ActiveCfg = Debug|iPhoneSimulator
		{4546452D-55D8-41CA-B68B-F8D8D827EE4A}.Debug|Any CPU.Build.0 = Debug|iPhoneSimulator
		{4546452D-55D8-41CA-B68B-F8D8D827EE4A}.Debug|iPhone.ActiveCfg = Debug|iPhone
		{4546452D-55D8-41CA-B68B-F8D8D827EE4A}.Debug|iPhone.Build.0 = Debug|iPhone
		{4546452D-55D8-41CA-B68B-F8D8D827EE4A}.Debug|iPhoneSimulator.ActiveCfg = Debug|iPhoneSimulator
		{4546452D-55D8-41CA-B68B-F8D8D827EE4A}.Debug|iPhoneSimulator.Build.0 = Debug|iPhoneSimulator
		{4546452D-55D8-41CA-B68B-F8D8D827EE4A}.Release|Any CPU.ActiveCfg = Release|iPhoneSimulator
		{4546452D-55D8-41CA-B68B-F8D8D827EE4A}.Release|Any CPU.Build.0 = Release|iPhoneSimulator
		{4546452D-55D8-41CA-B68B-F8D8D827EE4A}.Release|iPhone.ActiveCfg = Release|iPhone
		{4546452D-55D8-41CA-B68B-F8D8D827EE4A}.Release|iPhone.Build.0 = Release|iPhone
		{4546452D-55D8-41CA-B68B-F8D8D827EE4A}.Release|iPhoneSimulator.ActiveCfg = Release|iPhoneSimulator
		{4546452D-55D8-41CA-B68B-F8D8D827EE4A}.Release|iPhoneSimulator.Build.0 = Release|iPhoneSimulator
		{CF72088B-E0A5-401C-A795-531A81E05248}.Ad-Hoc|Any CPU.ActiveCfg = Debug|Any CPU
		{CF72088B-E0A5-401C-A795-531A81E05248}.Ad-Hoc|Any CPU.Build.0 = Debug|Any CPU
		{CF72088B-E0A5-401C-A795-531A81E05248}.Ad-Hoc|iPhone.ActiveCfg = Debug|Any CPU
		{CF72088B-E0A5-401C-A795-531A81E05248}.Ad-Hoc|iPhone.Build.0 = Debug|Any CPU
		{CF72088B-E0A5-401C-A795-531A81E05248}.Ad-Hoc|iPhoneSimulator.ActiveCfg = Debug|Any CPU
		{CF72088B-E0A5-401C-A795-531A81E05248}.Ad-Hoc|iPhoneSimulator.Build.0 = Debug|Any CPU
		{CF72088B-E0A5-401C-A795-531A81E05248}.AppStore|Any CPU.ActiveCfg = Debug|Any CPU
		{CF72088B-E0A5-401C-A795-531A81E05248}.AppStore|Any CPU.Build.0 = Debug|Any CPU
		{CF72088B-E0A5-401C-A795-531A81E05248}.AppStore|iPhone.ActiveCfg = Debug|Any CPU
		{CF72088B-E0A5-401C-A795-531A81E05248}.AppStore|iPhone.Build.0 = Debug|Any CPU
		{CF72088B-E0A5-401C-A795-531A81E05248}.AppStore|iPhoneSimulator.ActiveCfg = Debug|Any CPU
		{CF72088B-E0A5-401C-A795-531A81E05248}.AppStore|iPhoneSimulator.Build.0 = Debug|Any CPU
		{CF72088B-E0A5-401C-A795-531A81E05248}.Debug|Any CPU.ActiveCfg = Debug|Any CPU
		{CF72088B-E0A5-401C-A795-531A81E05248}.Debug|Any CPU.Build.0 = Debug|Any CPU
		{CF72088B-E0A5-401C-A795-531A81E05248}.Debug|iPhone.ActiveCfg = Debug|Any CPU
		{CF72088B-E0A5-401C-A795-531A81E05248}.Debug|iPhone.Build.0 = Debug|Any CPU
		{CF72088B-E0A5-401C-A795-531A81E05248}.Debug|iPhoneSimulator.ActiveCfg = Debug|Any CPU
		{CF72088B-E0A5-401C-A795-531A81E05248}.Debug|iPhoneSimulator.Build.0 = Debug|Any CPU
		{CF72088B-E0A5-401C-A795-531A81E05248}.Release|Any CPU.ActiveCfg = Release|Any CPU
		{CF72088B-E0A5-401C-A795-531A81E05248}.Release|Any CPU.Build.0 = Release|Any CPU
		{CF72088B-E0A5-401C-A795-531A81E05248}.Release|iPhone.ActiveCfg = Release|Any CPU
		{CF72088B-E0A5-401C-A795-531A81E05248}.Release|iPhone.Build.0 = Release|Any CPU
		{CF72088B-E0A5-401C-A795-531A81E05248}.Release|iPhoneSimulator.ActiveCfg = Release|Any CPU
		{CF72088B-E0A5-401C-A795-531A81E05248}.Release|iPhoneSimulator.Build.0 = Release|Any CPU
	EndGlobalSection
	GlobalSection(SolutionProperties) = preSolution
		HideSolutionNode = FALSE
	EndGlobalSection
	GlobalSection(ExtensibilityGlobals) = postSolution
		        SolutionGuid = {DE374F73-BB5C-4BF7-9009-79A424F43173}
		SolutionGuid = {71D73374-1C76-4195-8C1E-E6F0482A9383}
	EndGlobalSection
EndGlobal
